# @generated - this file is auto-generated by `mise lock` https://mise.jdx.dev/dev-tools/mise-lock.html

[[tools.cosign]]
version = "3.1.2"
backend = "aqua:sigstore/cosign"

[tools.cosign."platforms.linux-arm64"]
checksum = "sha256:90e7ae0b5dfd60f20816b52c012addf7fc055ebcc7bea4ce81c428ca8518c302"
url = "https://github.com/sigstore/cosign/releases/download/v3.1.2/cosign-linux-arm64"
url_api = "https://api.github.com/repos/sigstore/cosign/releases/assets/480496294"
provenance = "cosign"

[tools.cosign."platforms.linux-arm64-musl"]
checksum = "sha256:90e7ae0b5dfd60f20816b52c012addf7fc055ebcc7bea4ce81c428ca8518c302"
url = "https://github.com/sigstore/cosign/releases/download/v3.1.2/cosign-linux-arm64"
url_api = "https://api.github.com/repos/sigstore/cosign/releases/assets/480496294"
provenance = "cosign"

[tools.cosign."platforms.linux-x64"]
checksum = "sha256:f7622ed3cf22e55e1ae6377c080979ff77a22da9981c11df222a2e444991e7cf"
url = "https://github.com/sigstore/cosign/releases/download/v3.1.2/cosign-linux-amd64"
url_api = "https://api.github.com/repos/sigstore/cosign/releases/assets/480496709"
provenance = "cosign"

[tools.cosign."platforms.linux-x64-musl"]
checksum = "sha256:f7622ed3cf22e55e1ae6377c080979ff77a22da9981c11df222a2e444991e7cf"
url = "https://github.com/sigstore/cosign/releases/download/v3.1.2/cosign-linux-amd64"
url_api = "https://api.github.com/repos/sigstore/cosign/releases/assets/480496709"
provenance = "cosign"

[tools.cosign."platforms.macos-arm64"]
checksum = "sha256:dec1c3f802320b19c2fbcf2dc7bcfb3f258e1c181a046c23a1a074bdf932f10a"
url = "https://github.com/sigstore/cosign/releases/download/v3.1.2/cosign-darwin-arm64"
url_api = "https://api.github.com/repos/sigstore/cosign/releases/assets/480497116"
provenance = "cosign"

[tools.cosign."platforms.macos-x64"]
checksum = "sha256:acd180f8b015be25240ca33abee8a1e564eb65cdf1a3cee4725456d2dceb7da6"
url = "https://github.com/sigstore/cosign/releases/download/v3.1.2/cosign-darwin-amd64"
url_api = "https://api.github.com/repos/sigstore/cosign/releases/assets/480496599"
provenance = "cosign"

[tools.cosign."platforms.windows-arm64"]
checksum = "sha256:fe4d621d7ae5e900ee62089837c00f996ae9acb82027d573d1d157b6ee875cb2"
url = "https://github.com/sigstore/cosign/releases/download/v3.1.2/cosign-windows-amd64.exe"
url_api = "https://api.github.com/repos/sigstore/cosign/releases/assets/480497219"
provenance = "cosign"

[tools.cosign."platforms.windows-x64"]
checksum = "sha256:fe4d621d7ae5e900ee62089837c00f996ae9acb82027d573d1d157b6ee875cb2"
url = "https://github.com/sigstore/cosign/releases/download/v3.1.2/cosign-windows-amd64.exe"
url_api = "https://api.github.com/repos/sigstore/cosign/releases/assets/480497219"
provenance = "cosign"

[[tools.node]]
version = "24.18.0"
backend = "core:node"

[tools.node."platforms.linux-arm64"]
checksum = "sha256:6b4484c2190274175df9aa8f28e2d758a819cb1c1fe6ab481e2f95b463ab8508"
url = "https://nodejs.org/dist/v24.18.0/node-v24.18.0-linux-arm64.tar.gz"

[tools.node."platforms.linux-arm64-musl"]
checksum = "sha256:b1c6c2dc31b46dd8fb2322f4fe75b07e775c5120bc37251deeea28f529d4567b"
url = "https://unofficial-builds.nodejs.org/download/release/v24.18.0/node-v24.18.0-linux-arm64-musl.tar.gz"

[tools.node."platforms.linux-x64"]
checksum = "sha256:783130984963db7ba9cbd01089eaf2c2efb055c7c1693c943174b967b3050cb8"
url = "https://nodejs.org/dist/v24.18.0/node-v24.18.0-linux-x64.tar.gz"

[tools.node."platforms.linux-x64-musl"]
checksum = "sha256:ea58409911e141ec6b19d9178efa2d9185a13295005b1cbf5521b3157eed1d95"
url = "https://unofficial-builds.nodejs.org/download/release/v24.18.0/node-v24.18.0-linux-x64-musl.tar.gz"

[tools.node."platforms.macos-arm64"]
checksum = "sha256:e1a97e14c99c803e96c7339403282ea05a499c32f8d83defe9ef5ec66f979ed1"
url = "https://nodejs.org/dist/v24.18.0/node-v24.18.0-darwin-arm64.tar.gz"

[tools.node."platforms.macos-x64"]
checksum = "sha256:dfd0dbd3e721503434df7b7205e719f61b3a3a31b2bcf9729b8b91fea240f080"
url = "https://nodejs.org/dist/v24.18.0/node-v24.18.0-darwin-x64.tar.gz"

[tools.node."platforms.windows-arm64"]
checksum = "sha256:f274669adb93b1fd0fbf8f21fd078609e9dcc84333d4f2718d2dde3f9a161a01"
url = "https://nodejs.org/dist/v24.18.0/node-v24.18.0-win-arm64.zip"

[tools.node."platforms.windows-x64"]
checksum = "sha256:0ae68406b42d7725661da979b1403ec9926da205c6770827f33aac9d8f26e821"
url = "https://nodejs.org/dist/v24.18.0/node-v24.18.0-win-x64.zip"

[[tools.yq]]
version = "4.53.3"
backend = "aqua:mikefarah/yq"

[tools.yq."platforms.linux-arm64"]
checksum = "sha256:578648e463a11c1b6db6010cbf41eafed6bee79466fcffa1bb446672cf7945ea"
url = "https://github.com/mikefarah/yq/releases/download/v4.53.3/yq_linux_arm64"
url_api = "https://api.github.com/repos/mikefarah/yq/releases/assets/440146727"
provenance = "cosign"

[tools.yq."platforms.linux-arm64-musl"]
checksum = "sha256:578648e463a11c1b6db6010cbf41eafed6bee79466fcffa1bb446672cf7945ea"
url = "https://github.com/mikefarah/yq/releases/download/v4.53.3/yq_linux_arm64"
url_api = "https://api.github.com/repos/mikefarah/yq/releases/assets/440146727"
provenance = "cosign"

[tools.yq."platforms.linux-x64"]
checksum = "sha256:fa52a4e758c63d38299163fbdd1edfb4c4963247918bf9c1c5d31d84789eded4"
url = "https://github.com/mikefarah/yq/releases/download/v4.53.3/yq_linux_amd64"
url_api = "https://api.github.com/repos/mikefarah/yq/releases/assets/440146735"
provenance = "cosign"

[tools.yq."platforms.linux-x64-musl"]
checksum = "sha256:fa52a4e758c63d38299163fbdd1edfb4c4963247918bf9c1c5d31d84789eded4"
url = "https://github.com/mikefarah/yq/releases/download/v4.53.3/yq_linux_amd64"
url_api = "https://api.github.com/repos/mikefarah/yq/releases/assets/440146735"
provenance = "cosign"

[tools.yq."platforms.macos-arm64"]
checksum = "sha256:877de31753a4dd2401aa048937aa9a7fc4d5f6ce858cf31508c5802954297213"
url = "https://github.com/mikefarah/yq/releases/download/v4.53.3/yq_darwin_arm64"
url_api = "https://api.github.com/repos/mikefarah/yq/releases/assets/440146762"
provenance = "cosign"

[tools.yq."platforms.macos-x64"]
checksum = "sha256:b4ba1ecce3c47f00803f4f964de38394326c7a32eb6540616e04fb2935a0f08d"
url = "https://github.com/mikefarah/yq/releases/download/v4.53.3/yq_darwin_amd64"
url_api = "https://api.github.com/repos/mikefarah/yq/releases/assets/440146744"
provenance = "cosign"

[tools.yq."platforms.windows-arm64"]
checksum = "sha256:c80ac96ff2a8d77d452d91304e11feef8fb23239900b3d1d88f47c2ec93be970"
url = "https://github.com/mikefarah/yq/releases/download/v4.53.3/yq_windows_arm64.exe"
url_api = "https://api.github.com/repos/mikefarah/yq/releases/assets/440146718"
provenance = "cosign"

[tools.yq."platforms.windows-x64"]
checksum = "sha256:e279bc506a452eeafcdf364f91a025455e402a8001169083caf01f4b64a544e2"
url = "https://github.com/mikefarah/yq/releases/download/v4.53.3/yq_windows_amd64.exe"
url_api = "https://api.github.com/repos/mikefarah/yq/releases/assets/440146721"
provenance = "cosign"
